
Microsoft Visual Studio Solution File, Format Version 12.00
# Visual Studio Version 16
VisualStudioVersion = 16.0.30717.126
MinimumVisualStudioVersion = 10.0.40219.1
Project("{FAE04EC0-301F-11D3-BF4B-00C04F79EFBC}") = "nominaCS2.1", "nominaCS2.1.csproj", "{2FFF7BAC-4C73-436A-BB58-3449CC1C792C}"
EndProject
Global
	GlobalSection(SolutionConfigurationPlatforms) = preSolution
		Debug|Any CPU = Debug|Any CPU
		Release|Any CPU = Release|Any CPU
	EndGlobalSection
	GlobalSection(ProjectConfigurationPlatforms) = postSolution
		{2FFF7BAC-4C73-436A-BB58-3449CC1C792C}.Debug|Any CPU.ActiveCfg = Debug|Any CPU
		{2FFF7BAC-4C73-436A-BB58-3449CC1C792C}.Debug|Any CPU.Build.0 = Debug|Any CPU
		{2FFF7BAC-4C73-436A-BB58-3449CC1C792C}.Release|Any CPU.ActiveCfg = Release|Any CPU
		{2FFF7BAC-4C73-436A-BB58-3449CC1C792C}.Release|Any CPU.Build.0 = Release|Any CPU
	EndGlobalSection
	GlobalSection(SolutionProperties) = preSolution
		HideSolutionNode = FALSE
	EndGlobalSection
	GlobalSection(ExtensibilityGlobals) = postSolution
		SolutionGuid = {E37DA5DC-9452-4716-ADE8-8CDAD1321C89}
	EndGlobalSection
EndGlobal
